
Microsoft Visual Studio Solution File, Format Version 12.00
# Visual Studio Version 16
VisualStudioVersion = 16.0.29123.88
MinimumVisualStudioVersion = 10.0.40219.1
Project("{FAE04EC0-301F-11D3-BF4B-00C04F79EFBC}") = "NGTS.Web.Core.Mvc", "NGTS.Web.Core.Mvc\NGTS.Web.Core.Mvc.csproj", "{94526F0D-E004-4F85-B39D-B62AEA0E643D}"
EndProject
Project("{FAE04EC0-301F-11D3-BF4B-00C04F79EFBC}") = "NGTS.Services", "NGTS.Services\NGTS.Services.csproj", "{20F85027-97A2-4756-B79B-0956C576F3F6}"
EndProject
Global
	GlobalSection(SolutionConfigurationPlatforms) = preSolution
		Debug|Any CPU = Debug|Any CPU
		Release|Any CPU = Release|Any CPU
	EndGlobalSection
	GlobalSection(ProjectConfigurationPlatforms) = postSolution
		{94526F0D-E004-4F85-B39D-B62AEA0E643D}.Debug|Any CPU.ActiveCfg = Debug|Any CPU
		{94526F0D-E004-4F85-B39D-B62AEA0E643D}.Debug|Any CPU.Build.0 = Debug|Any CPU
		{94526F0D-E004-4F85-B39D-B62AEA0E643D}.Release|Any CPU.ActiveCfg = Release|Any CPU
		{94526F0D-E004-4F85-B39D-B62AEA0E643D}.Release|Any CPU.Build.0 = Release|Any CPU
		{20F85027-97A2-4756-B79B-0956C576F3F6}.Debug|Any CPU.ActiveCfg = Debug|Any CPU
		{20F85027-97A2-4756-B79B-0956C576F3F6}.Debug|Any CPU.Build.0 = Debug|Any CPU
		{20F85027-97A2-4756-B79B-0956C576F3F6}.Release|Any CPU.ActiveCfg = Release|Any CPU
		{20F85027-97A2-4756-B79B-0956C576F3F6}.Release|Any CPU.Build.0 = Release|Any CPU
	EndGlobalSection
	GlobalSection(SolutionProperties) = preSolution
		HideSolutionNode = FALSE
	EndGlobalSection
	GlobalSection(ExtensibilityGlobals) = postSolution
		SolutionGuid = {D081DF30-61C7-4186-B543-B649AAF8C740}
	EndGlobalSection
EndGlobal
